
Microsoft Visual Studio Solution File, Format Version 12.00
# Visual Studio Version 16
VisualStudioVersion = 16.0.31025.194
MinimumVisualStudioVersion = 10.0.40219.1
Project("{FAE04EC0-301F-11D3-BF4B-00C04F79EFBC}") = "PI3", "PI3\PI3.csproj", "{8FBA9BED-13A1-4F8A-B0B5-97A58F0E7EAC}"
EndProject
Global
	GlobalSection(SolutionConfigurationPlatforms) = preSolution
		Debug|Any CPU = Debug|Any CPU
		Release|Any CPU = Release|Any CPU
	EndGlobalSection
	GlobalSection(ProjectConfigurationPlatforms) = postSolution
		{8FBA9BED-13A1-4F8A-B0B5-97A58F0E7EAC}.Debug|Any CPU.ActiveCfg = Debug|Any CPU
		{8FBA9BED-13A1-4F8A-B0B5-97A58F0E7EAC}.Debug|Any CPU.Build.0 = Debug|Any CPU
		{8FBA9BED-13A1-4F8A-B0B5-97A58F0E7EAC}.Release|Any CPU.ActiveCfg = Release|Any CPU
		{8FBA9BED-13A1-4F8A-B0B5-97A58F0E7EAC}.Release|Any CPU.Build.0 = Release|Any CPU
	EndGlobalSection
	GlobalSection(SolutionProperties) = preSolution
		HideSolutionNode = FALSE
	EndGlobalSection
	GlobalSection(ExtensibilityGlobals) = postSolution
		SolutionGuid = {556F43CF-A297-42F7-9C84-6CE4C6A22779}
	EndGlobalSection
EndGlobal
